
Microsoft Visual Studio Solution File, Format Version 12.00
# Visual Studio Version 17
VisualStudioVersion = 17.5.002.0
MinimumVisualStudioVersion = 10.0.40219.1
Project("{9A19103F-16F7-4668-BE54-9A1E7A4F7556}") = "BrackenFavRoom", "BrackenFavRoom.csproj", "{C5AA3F3D-43BE-445A-B1A7-8E8292C675C5}"
EndProject
Global
	GlobalSection(SolutionConfigurationPlatforms) = preSolution
		Debug|Any CPU = Debug|Any CPU
		Release|Any CPU = Release|Any CPU
	EndGlobalSection
	GlobalSection(ProjectConfigurationPlatforms) = postSolution
		{C5AA3F3D-43BE-445A-B1A7-8E8292C675C5}.Debug|Any CPU.ActiveCfg = Debug|Any CPU
		{C5AA3F3D-43BE-445A-B1A7-8E8292C675C5}.Debug|Any CPU.Build.0 = Debug|Any CPU
		{C5AA3F3D-43BE-445A-B1A7-8E8292C675C5}.Release|Any CPU.ActiveCfg = Release|Any CPU
		{C5AA3F3D-43BE-445A-B1A7-8E8292C675C5}.Release|Any CPU.Build.0 = Release|Any CPU
	EndGlobalSection
	GlobalSection(SolutionProperties) = preSolution
		HideSolutionNode = FALSE
	EndGlobalSection
	GlobalSection(ExtensibilityGlobals) = postSolution
		SolutionGuid = {4B488C2D-8399-45FA-B0E2-628DE0967782}
	EndGlobalSection
EndGlobal
